
Microsoft Visual Studio Solution File, Format Version 12.00
# Visual Studio Version 16
VisualStudioVersion = 16.0.31613.86
MinimumVisualStudioVersion = 10.0.40219.1
Project("{9A19103F-16F7-4668-BE54-9A1E7A4F7556}") = "CSharpBasics", "CSharpBasics\CSharpBasics.csproj", "{20DBF204-1DFC-4707-A8F9-E24982B20B47}"
EndProject
Project("{9A19103F-16F7-4668-BE54-9A1E7A4F7556}") = "Csharp_intermediate", "Csharp_intermediate\Csharp_intermediate.csproj", "{A9005773-2355-46DE-A8C8-FEBE4BCF3AFD}"
EndProject
Project("{9A19103F-16F7-4668-BE54-9A1E7A4F7556}") = "Csharpconcepts constructors and class_object", "Csharpconcepts on OOps\Csharpconcepts constructors and class_object.csproj", "{74AA3F27-2EC4-43F2-A94D-8C9F268E0FC6}"
EndProject
Project("{FAE04EC0-301F-11D3-BF4B-00C04F79EFBC}") = "Chsharp_DayThree_Projects", "Chsharp_DayThree_Projects\Chsharp_DayThree_Projects.csproj", "{943E62D4-835D-4753-AC72-495E22CC6764}"
EndProject
Project("{FAE04EC0-301F-11D3-BF4B-00C04F79EFBC}") = "CSharp_DayThree_StudentLibrary", "CSharp_DayThree_StudentLibrary\CSharp_DayThree_StudentLibrary.csproj", "{6389F6CB-A12A-4D21-8B34-554BEC04E794}"
EndProject
Project("{FAE04EC0-301F-11D3-BF4B-00C04F79EFBC}") = "CSharp_DayThree_MarksLibrary", "CSharp_DayThree_MarksLibrary\CSharp_DayThree_MarksLibrary.csproj", "{5CF15637-0333-4C3C-985E-4CF4511F58B9}"
EndProject
Project("{FAE04EC0-301F-11D3-BF4B-00C04F79EFBC}") = "CSharp_DayThree_SportLibrary", "CSharp_DayThree_SportLibrary\CSharp_DayThree_SportLibrary.csproj", "{5807360A-7F4C-47C2-906C-67EC471008C5}"
EndProject
Project("{FAE04EC0-301F-11D3-BF4B-00C04F79EFBC}") = "CSharp_DayThree_Results", "CSharp_DayThree_Results\CSharp_DayThree_Results.csproj", "{60137509-833E-4B3D-B4F5-4BF5B6D4454A}"
EndProject
Global
	GlobalSection(SolutionConfigurationPlatforms) = preSolution
		Debug|Any CPU = Debug|Any CPU
		Release|Any CPU = Release|Any CPU
	EndGlobalSection
	GlobalSection(ProjectConfigurationPlatforms) = postSolution
		{20DBF204-1DFC-4707-A8F9-E24982B20B47}.Debug|Any CPU.ActiveCfg = Debug|Any CPU
		{20DBF204-1DFC-4707-A8F9-E24982B20B47}.Debug|Any CPU.Build.0 = Debug|Any CPU
		{20DBF204-1DFC-4707-A8F9-E24982B20B47}.Release|Any CPU.ActiveCfg = Release|Any CPU
		{20DBF204-1DFC-4707-A8F9-E24982B20B47}.Release|Any CPU.Build.0 = Release|Any CPU
		{A9005773-2355-46DE-A8C8-FEBE4BCF3AFD}.Debug|Any CPU.ActiveCfg = Debug|Any CPU
		{A9005773-2355-46DE-A8C8-FEBE4BCF3AFD}.Debug|Any CPU.Build.0 = Debug|Any CPU
		{A9005773-2355-46DE-A8C8-FEBE4BCF3AFD}.Release|Any CPU.ActiveCfg = Release|Any CPU
		{A9005773-2355-46DE-A8C8-FEBE4BCF3AFD}.Release|Any CPU.Build.0 = Release|Any CPU
		{74AA3F27-2EC4-43F2-A94D-8C9F268E0FC6}.Debug|Any CPU.ActiveCfg = Debug|Any CPU
		{74AA3F27-2EC4-43F2-A94D-8C9F268E0FC6}.Debug|Any CPU.Build.0 = Debug|Any CPU
		{74AA3F27-2EC4-43F2-A94D-8C9F268E0FC6}.Release|Any CPU.ActiveCfg = Release|Any CPU
		{74AA3F27-2EC4-43F2-A94D-8C9F268E0FC6}.Release|Any CPU.Build.0 = Release|Any CPU
		{943E62D4-835D-4753-AC72-495E22CC6764}.Debug|Any CPU.ActiveCfg = Debug|Any CPU
		{943E62D4-835D-4753-AC72-495E22CC6764}.Debug|Any CPU.Build.0 = Debug|Any CPU
		{943E62D4-835D-4753-AC72-495E22CC6764}.Release|Any CPU.ActiveCfg = Release|Any CPU
		{943E62D4-835D-4753-AC72-495E22CC6764}.Release|Any CPU.Build.0 = Release|Any CPU
		{6389F6CB-A12A-4D21-8B34-554BEC04E794}.Debug|Any CPU.ActiveCfg = Debug|Any CPU
		{6389F6CB-A12A-4D21-8B34-554BEC04E794}.Debug|Any CPU.Build.0 = Debug|Any CPU
		{6389F6CB-A12A-4D21-8B34-554BEC04E794}.Release|Any CPU.ActiveCfg = Release|Any CPU
		{6389F6CB-A12A-4D21-8B34-554BEC04E794}.Release|Any CPU.Build.0 = Release|Any CPU
		{5CF15637-0333-4C3C-985E-4CF4511F58B9}.Debug|Any CPU.ActiveCfg = Debug|Any CPU
		{5CF15637-0333-4C3C-985E-4CF4511F58B9}.Debug|Any CPU.Build.0 = Debug|Any CPU
		{5CF15637-0333-4C3C-985E-4CF4511F58B9}.Release|Any CPU.ActiveCfg = Release|Any CPU
		{5CF15637-0333-4C3C-985E-4CF4511F58B9}.Release|Any CPU.Build.0 = Release|Any CPU
		{5807360A-7F4C-47C2-906C-67EC471008C5}.Debug|Any CPU.ActiveCfg = Debug|Any CPU
		{5807360A-7F4C-47C2-906C-67EC471008C5}.Debug|Any CPU.Build.0 = Debug|Any CPU
		{5807360A-7F4C-47C2-906C-67EC471008C5}.Release|Any CPU.ActiveCfg = Release|Any CPU
		{5807360A-7F4C-47C2-906C-67EC471008C5}.Release|Any CPU.Build.0 = Release|Any CPU
		{60137509-833E-4B3D-B4F5-4BF5B6D4454A}.Debug|Any CPU.ActiveCfg = Debug|Any CPU
		{60137509-833E-4B3D-B4F5-4BF5B6D4454A}.Debug|Any CPU.Build.0 = Debug|Any CPU
		{60137509-833E-4B3D-B4F5-4BF5B6D4454A}.Release|Any CPU.ActiveCfg = Release|Any CPU
		{60137509-833E-4B3D-B4F5-4BF5B6D4454A}.Release|Any CPU.Build.0 = Release|Any CPU
	EndGlobalSection
	GlobalSection(SolutionProperties) = preSolution
		HideSolutionNode = FALSE
	EndGlobalSection
	GlobalSection(ExtensibilityGlobals) = postSolution
		SolutionGuid = {952B3BE3-3919-45A2-ADAA-7D6CFAAB83DD}
	EndGlobalSection
EndGlobal
